
Microsoft Visual Studio Solution File, Format Version 12.00
# Visual Studio Version 17
VisualStudioVersion = 17.7.34031.279
MinimumVisualStudioVersion = 10.0.40219.1
Project("{FAE04EC0-301F-11D3-BF4B-00C04F79EFBC}") = "HomeWork", "HomeWork\HomeWork.csproj", "{A07495AE-6810-42B1-9529-F6812B48210D}"
EndProject
Global
	GlobalSection(SolutionConfigurationPlatforms) = preSolution
		Debug|Any CPU = Debug|Any CPU
		Release|Any CPU = Release|Any CPU
	EndGlobalSection
	GlobalSection(ProjectConfigurationPlatforms) = postSolution
		{A07495AE-6810-42B1-9529-F6812B48210D}.Debug|Any CPU.ActiveCfg = Debug|Any CPU
		{A07495AE-6810-42B1-9529-F6812B48210D}.Debug|Any CPU.Build.0 = Debug|Any CPU
		{A07495AE-6810-42B1-9529-F6812B48210D}.Release|Any CPU.ActiveCfg = Release|Any CPU
		{A07495AE-6810-42B1-9529-F6812B48210D}.Release|Any CPU.Build.0 = Release|Any CPU
	EndGlobalSection
	GlobalSection(SolutionProperties) = preSolution
		HideSolutionNode = FALSE
	EndGlobalSection
	GlobalSection(ExtensibilityGlobals) = postSolution
		SolutionGuid = {B83CB100-B8D1-4A8E-854A-E44EF8CD5B41}
	EndGlobalSection
EndGlobal
