
Microsoft Visual Studio Solution File, Format Version 12.00
# Visual Studio Version 17
VisualStudioVersion = 17.7.34031.279
MinimumVisualStudioVersion = 10.0.40219.1
Project("{FAE04EC0-301F-11D3-BF4B-00C04F79EFBC}") = "Redoo Teilnehmerverwaltung", "Redoo Teilnehmerverwaltung\Redoo Teilnehmerverwaltung.csproj", "{84B247B0-B178-4902-B774-E7C2FB93B975}"
EndProject
Global
	GlobalSection(SolutionConfigurationPlatforms) = preSolution
		Debug|Any CPU = Debug|Any CPU
		Release|Any CPU = Release|Any CPU
	EndGlobalSection
	GlobalSection(ProjectConfigurationPlatforms) = postSolution
		{84B247B0-B178-4902-B774-E7C2FB93B975}.Debug|Any CPU.ActiveCfg = Debug|Any CPU
		{84B247B0-B178-4902-B774-E7C2FB93B975}.Debug|Any CPU.Build.0 = Debug|Any CPU
		{84B247B0-B178-4902-B774-E7C2FB93B975}.Release|Any CPU.ActiveCfg = Release|Any CPU
		{84B247B0-B178-4902-B774-E7C2FB93B975}.Release|Any CPU.Build.0 = Release|Any CPU
	EndGlobalSection
	GlobalSection(SolutionProperties) = preSolution
		HideSolutionNode = FALSE
	EndGlobalSection
	GlobalSection(ExtensibilityGlobals) = postSolution
		SolutionGuid = {AC29322F-2BCE-49C6-9E31-1DA675E41330}
	EndGlobalSection
EndGlobal
